
Microsoft Visual Studio Solution File, Format Version 12.00
# Visual Studio Version 16
VisualStudioVersion = 16.0.30717.126
MinimumVisualStudioVersion = 10.0.40219.1
Project("{FAE04EC0-301F-11D3-BF4B-00C04F79EFBC}") = "Juego_DINT", "Juego_DINT\Juego_DINT.csproj", "{083E28E3-8CF8-4390-BFFB-307FF72BAD79}"
EndProject
Global
	GlobalSection(SolutionConfigurationPlatforms) = preSolution
		Debug|Any CPU = Debug|Any CPU
		Release|Any CPU = Release|Any CPU
	EndGlobalSection
	GlobalSection(ProjectConfigurationPlatforms) = postSolution
		{083E28E3-8CF8-4390-BFFB-307FF72BAD79}.Debug|Any CPU.ActiveCfg = Debug|Any CPU
		{083E28E3-8CF8-4390-BFFB-307FF72BAD79}.Debug|Any CPU.Build.0 = Debug|Any CPU
		{083E28E3-8CF8-4390-BFFB-307FF72BAD79}.Release|Any CPU.ActiveCfg = Release|Any CPU
		{083E28E3-8CF8-4390-BFFB-307FF72BAD79}.Release|Any CPU.Build.0 = Release|Any CPU
	EndGlobalSection
	GlobalSection(SolutionProperties) = preSolution
		HideSolutionNode = FALSE
	EndGlobalSection
	GlobalSection(ExtensibilityGlobals) = postSolution
		SolutionGuid = {B9B6493A-FBDA-4045-99CA-0CCE293EC5D0}
	EndGlobalSection
EndGlobal
